
Microsoft Visual Studio Solution File, Format Version 12.00
# Visual Studio 15
VisualStudioVersion = 15.0.28307.136
MinimumVisualStudioVersion = 10.0.40219.1
Project("{FAE04EC0-301F-11D3-BF4B-00C04F79EFBC}") = "ExcelLoader.Library", "Excel2Db\ExcelLoader.Library.csproj", "{DD0E9642-8E33-4AC8-A92D-4C18EAA3B057}"
EndProject
Project("{FAE04EC0-301F-11D3-BF4B-00C04F79EFBC}") = "ExcelLoader.Console", "ExcelLoader.Console\ExcelLoader.Console.csproj", "{17078562-7367-4D02-9A0A-0D71AE0AA298}"
EndProject
Global
	GlobalSection(SolutionConfigurationPlatforms) = preSolution
		Debug|Any CPU = Debug|Any CPU
		Release|Any CPU = Release|Any CPU
	EndGlobalSection
	GlobalSection(ProjectConfigurationPlatforms) = postSolution
		{DD0E9642-8E33-4AC8-A92D-4C18EAA3B057}.Debug|Any CPU.ActiveCfg = Debug|Any CPU
		{DD0E9642-8E33-4AC8-A92D-4C18EAA3B057}.Debug|Any CPU.Build.0 = Debug|Any CPU
		{DD0E9642-8E33-4AC8-A92D-4C18EAA3B057}.Release|Any CPU.ActiveCfg = Release|Any CPU
		{DD0E9642-8E33-4AC8-A92D-4C18EAA3B057}.Release|Any CPU.Build.0 = Release|Any CPU
		{17078562-7367-4D02-9A0A-0D71AE0AA298}.Debug|Any CPU.ActiveCfg = Debug|Any CPU
		{17078562-7367-4D02-9A0A-0D71AE0AA298}.Debug|Any CPU.Build.0 = Debug|Any CPU
		{17078562-7367-4D02-9A0A-0D71AE0AA298}.Release|Any CPU.ActiveCfg = Release|Any CPU
		{17078562-7367-4D02-9A0A-0D71AE0AA298}.Release|Any CPU.Build.0 = Release|Any CPU
	EndGlobalSection
	GlobalSection(SolutionProperties) = preSolution
		HideSolutionNode = FALSE
	EndGlobalSection
	GlobalSection(ExtensibilityGlobals) = postSolution
		SolutionGuid = {CFB88852-DE37-4E76-9872-8F417C8EB4AA}
	EndGlobalSection
EndGlobal
